
Microsoft Visual Studio Solution File, Format Version 12.00
# Visual Studio 15
VisualStudioVersion = 15.0.27703.2047
MinimumVisualStudioVersion = 10.0.40219.1
Project("{9A19103F-16F7-4668-BE54-9A1E7A4F7556}") = "PartStore.Web", "PartStore.Web\PartStore.Web.csproj", "{94360B69-5F78-4384-9E9A-6E5B59A5A97B}"
EndProject
Project("{9A19103F-16F7-4668-BE54-9A1E7A4F7556}") = "PartStore.Core", "PartStore.Core\PartStore.Core.csproj", "{C1BBF0C5-BC33-4FAA-8595-E2345B1525C3}"
EndProject
Project("{9A19103F-16F7-4668-BE54-9A1E7A4F7556}") = "SysLanguages", "SysLanguages\SysLanguages.csproj", "{A3C4BE17-9979-4373-876F-0DE608DCD4B6}"
EndProject
Global
	GlobalSection(SolutionConfigurationPlatforms) = preSolution
		Debug|Any CPU = Debug|Any CPU
		Release|Any CPU = Release|Any CPU
	EndGlobalSection
	GlobalSection(ProjectConfigurationPlatforms) = postSolution
		{94360B69-5F78-4384-9E9A-6E5B59A5A97B}.Debug|Any CPU.ActiveCfg = Debug|Any CPU
		{94360B69-5F78-4384-9E9A-6E5B59A5A97B}.Debug|Any CPU.Build.0 = Debug|Any CPU
		{94360B69-5F78-4384-9E9A-6E5B59A5A97B}.Release|Any CPU.ActiveCfg = Release|Any CPU
		{94360B69-5F78-4384-9E9A-6E5B59A5A97B}.Release|Any CPU.Build.0 = Release|Any CPU
		{C1BBF0C5-BC33-4FAA-8595-E2345B1525C3}.Debug|Any CPU.ActiveCfg = Debug|Any CPU
		{C1BBF0C5-BC33-4FAA-8595-E2345B1525C3}.Debug|Any CPU.Build.0 = Debug|Any CPU
		{C1BBF0C5-BC33-4FAA-8595-E2345B1525C3}.Release|Any CPU.ActiveCfg = Release|Any CPU
		{C1BBF0C5-BC33-4FAA-8595-E2345B1525C3}.Release|Any CPU.Build.0 = Release|Any CPU
		{A3C4BE17-9979-4373-876F-0DE608DCD4B6}.Debug|Any CPU.ActiveCfg = Debug|Any CPU
		{A3C4BE17-9979-4373-876F-0DE608DCD4B6}.Debug|Any CPU.Build.0 = Debug|Any CPU
		{A3C4BE17-9979-4373-876F-0DE608DCD4B6}.Release|Any CPU.ActiveCfg = Release|Any CPU
		{A3C4BE17-9979-4373-876F-0DE608DCD4B6}.Release|Any CPU.Build.0 = Release|Any CPU
	EndGlobalSection
	GlobalSection(SolutionProperties) = preSolution
		HideSolutionNode = FALSE
	EndGlobalSection
	GlobalSection(ExtensibilityGlobals) = postSolution
		SolutionGuid = {E28E0D59-D039-4879-959C-B30F8ECDB237}
	EndGlobalSection
EndGlobal
